// !$*UTF8*$!
{
	archiveVersion = 1;
	classes = {
	};
	objectVersion = 46;
	objects = {

/* Begin PBXBuildFile section */
		8433A5821E9F760500DD4BA6 /* main.m in Sources */ = {isa = PBXBuildFile; fileRef = 8433A5811E9F760500DD4BA6 /* main.m */; };
		8433A5851E9F760500DD4BA6 /* AppDelegate.m in Sources */ = {isa = PBXBuildFile; fileRef = 8433A5841E9F760500DD4BA6 /* AppDelegate.m */; };
		8433A5881E9F760500DD4BA6 /* ViewController.m in Sources */ = {isa = PBXBuildFile; fileRef = 8433A5871E9F760500DD4BA6 /* ViewController.m */; };
		8433A58B1E9F760500DD4BA6 /* Main.storyboard in Resources */ = {isa = PBXBuildFile; fileRef = 8433A5891E9F760500DD4BA6 /* Main.storyboard */; };
		8433A58D1E9F760500DD4BA6 /* Assets.xcassets in Resources */ = {isa = PBXBuildFile; fileRef = 8433A58C1E9F760500DD4BA6 /* Assets.xcassets */; };
		8433A5901E9F760500DD4BA6 /* LaunchScreen.storyboard in Resources */ = {isa = PBXBuildFile; fileRef = 8433A58E1E9F760500DD4BA6 /* LaunchScreen.storyboard */; };
/* End PBXBuildFile section */

/* Begin PBXFileReference section */
		8433A57D1E9F760500DD4BA6 /* TestForBalinaSoft.app */ = {isa = PBXFileReference; explicitFileType = wrapper.application; includeInIndex = 0; path = TestForBalinaSoft.app; sourceTree = BUILT_PRODUCTS_DIR; };
		8433A5811E9F760500DD4BA6 /* main.m */ = {isa = PBXFileReference; lastKnownFileType = sourcecode.c.objc; path = main.m; sourceTree = "<group>"; };
		8433A5831E9F760500DD4BA6 /* AppDelegate.h */ = {isa = PBXFileReference; lastKnownFileType = sourcecode.c.h; path = AppDelegate.h; sourceTree = "<group>"; };
		8433A5841E9F760500DD4BA6 /* AppDelegate.m */ = {isa = PBXFileReference; lastKnownFileType = sourcecode.c.objc; path = AppDelegate.m; sourceTree = "<group>"; };
		8433A5861E9F760500DD4BA6 /* ViewController.h */ = {isa = PBXFileReference; lastKnownFileType = sourcecode.c.h; path = ViewController.h; sourceTree = "<group>"; };
		8433A5871E9F760500DD4BA6 /* ViewController.m */ = {isa = PBXFileReference; lastKnownFileType = sourcecode.c.objc; path = ViewController.m; sourceTree = "<group>"; };
		8433A58A1E9F760500DD4BA6 /* Base */ = {isa = PBXFileReference; lastKnownFileType = file.storyboard; name = Base; path = Base.lproj/Main.storyboard; sourceTree = "<group>"; };
		8433A58C1E9F760500DD4BA6 /* Assets.xcassets */ = {isa = PBXFileReference; lastKnownFileType = folder.assetcatalog; path = Assets.xcassets; sourceTree = "<group>"; };
		8433A58F1E9F760500DD4BA6 /* Base */ = {isa = PBXFileReference; lastKnownFileType = file.storyboard; name = Base; path = Base.lproj/LaunchScreen.storyboard; sourceTree = "<group>"; };
		8433A5911E9F760500DD4BA6 /* Info.plist */ = {isa = PBXFileReference; lastKnownFileType = text.plist.xml; path = Info.plist; sourceTree = "<group>"; };
/* End PBXFileReference section */

/* Begin PBXFrameworksBuildPhase section */
		8433A57A1E9F760500DD4BA6 /* Frameworks */ = {
			isa = PBXFrameworksBuildPhase;
			buildActionMask = 2147483647;
			files = (
			);
			runOnlyForDeploymentPostprocessing = 0;
		};
/* End PBXFrameworksBuildPhase section */

/* Begin PBXGroup section */
		8433A5741E9F760500DD4BA6 = {
			isa = PBXGroup;
			children = (
				8433A57F1E9F760500DD4BA6 /* TestForBalinaSoft */,
				8433A57E1E9F760500DD4BA6 /* Products */,
			);
			sourceTree = "<group>";
		};
		8433A57E1E9F760500DD4BA6 /* Products */ = {
			isa = PBXGroup;
			children = (
				8433A57D1E9F760500DD4BA6 /* TestForBalinaSoft.app */,
			);
			name = Products;
			sourceTree = "<group>";
		};
		8433A57F1E9F760500DD4BA6 /* TestForBalinaSoft */ = {
			isa = PBXGroup;
			children = (
				8433A5831E9F760500DD4BA6 /* AppDelegate.h */,
				8433A5841E9F760500DD4BA6 /* AppDelegate.m */,
				8433A5861E9F760500DD4BA6 /* ViewController.h */,
				8433A5871E9F760500DD4BA6 /* ViewController.m */,
				8433A5891E9F760500DD4BA6 /* Main.storyboard */,
				8433A58C1E9F760500DD4BA6 /* Assets.xcassets */,
				8433A58E1E9F760500DD4BA6 /* LaunchScreen.storyboard */,
				8433A5911E9F760500DD4BA6 /* Info.plist */,
				8433A5801E9F760500DD4BA6 /* Supporting Files */,
			);
			path = TestForBalinaSoft;
			sourceTree = "<group>";
		};
		8433A5801E9F760500DD4BA6 /* Supporting Files */ = {
			isa = PBXGroup;
			children = (
				8433A5811E9F760500DD4BA6 /* main.m */,
			);
			name = "Supporting Files";
			sourceTree = "<group>";
		};
/* End PBXGroup section */

/* Begin PBXNativeTarget section */
		8433A57C1E9F760500DD4BA6 /* TestForBalinaSoft */ = {
			isa = PBXNativeTarget;
			buildConfigurationList = 8433A5941E9F760500DD4BA6 /* Build configuration list for PBXNativeTarget "TestForBalinaSoft" */;
			buildPhases = (
				8433A5791E9F760500DD4BA6 /* Sources */,
				8433A57A1E9F760500DD4BA6 /* Frameworks */,
				8433A57B1E9F760500DD4BA6 /* Resources */,
			);
			buildRules = (
			);
			dependencies = (
			);
			name = TestForBalinaSoft;
			productName = TestForBalinaSoft;
			productReference = 8433A57D1E9F760500DD4BA6 /* TestForBalinaSoft.app */;
			productType = "com.apple.product-type.application";
		};
/* End PBXNativeTarget section */

/* Begin PBXProject section */
		8433A5751E9F760500DD4BA6 /* Project object */ = {
			isa = PBXProject;
			attributes = {
				LastUpgradeCheck = 0820;
				ORGANIZATIONNAME = Admin;
				TargetAttributes = {
					8433A57C1E9F760500DD4BA6 = {
						CreatedOnToolsVersion = 8.2.1;
						ProvisioningStyle = Automatic;
					};
				};
			};
			buildConfigurationList = 8433A5781E9F760500DD4BA6 /* Build configuration list for PBXProject "TestForBalinaSoft" */;
			compatibilityVersion = "Xcode 3.2";
			developmentRegion = English;
			hasScannedForEncodings = 0;
			knownRegions = (
				en,
				Base,
			);
			mainGroup = 8433A5741E9F760500DD4BA6;
			productRefGroup = 8433A57E1E9F760500DD4BA6 /* Products */;
			projectDirPath = "";
			projectRoot = "";
			targets = (
				8433A57C1E9F760500DD4BA6 /* TestForBalinaSoft */,
			);
		};
/* End PBXProject section */

/* Begin PBXResourcesBuildPhase section */
		8433A57B1E9F760500DD4BA6 /* Resources */ = {
			isa = PBXResourcesBuildPhase;
			buildActionMask = 2147483647;
			files = (
				8433A5901E9F760500DD4BA6 /* LaunchScreen.storyboard in Resources */,
				8433A58D1E9F760500DD4BA6 /* Assets.xcassets in Resources */,
				8433A58B1E9F760500DD4BA6 /* Main.storyboard in Resources */,
			);
			runOnlyForDeploymentPostprocessing = 0;
		};
/* End PBXResourcesBuildPhase section */

/* Begin PBXSourcesBuildPhase section */
		8433A5791E9F760500DD4BA6 /* Sources */ = {
			isa = PBXSourcesBuildPhase;
			buildActionMask = 2147483647;
			files = (
				8433A5881E9F760500DD4BA6 /* ViewController.m in Sources */,
				8433A5851E9F760500DD4BA6 /* AppDelegate.m in Sources */,
				8433A5821E9F760500DD4BA6 /* main.m in Sources */,
			);
			runOnlyForDeploymentPostprocessing = 0;
		};
/* End PBXSourcesBuildPhase section */

/* Begin PBXVariantGroup section */
		8433A5891E9F760500DD4BA6 /* Main.storyboard */ = {
			isa = PBXVariantGroup;
			children = (
				8433A58A1E9F760500DD4BA6 /* Base */,
			);
			name = Main.storyboard;
			sourceTree = "<group>";
		};
		8433A58E1E9F760500DD4BA6 /* LaunchScreen.storyboard */ = {
			isa = PBXVariantGroup;
			children = (
				8433A58F1E9F760500DD4BA6 /* Base */,
			);
			name = LaunchScreen.storyboard;
			sourceTree = "<group>";
		};
/* End PBXVariantGroup section */

/* Begin XCBuildConfiguration section */
		8433A5921E9F760500DD4BA6 /* Debug */ = {
			isa = XCBuildConfiguration;
			buildSettings = {
				ALWAYS_SEARCH_USER_PATHS = NO;
				CLANG_ANALYZER_NONNULL = YES;
				CLANG_CXX_LANGUAGE_STANDARD = "gnu++0x";
				CLANG_CXX_LIBRARY = "libc++";
				CLANG_ENABLE_MODULES = YES;
				CLANG_ENABLE_OBJC_ARC = YES;
				CLANG_WARN_BOOL_CONVERSION = YES;
				CLANG_WARN_CONSTANT_CONVERSION = YES;
				CLANG_WARN_DIRECT_OBJC_ISA_USAGE = YES_ERROR;
				CLANG_WARN_DOCUMENTATION_COMMENTS = YES;
				CLANG_WARN_EMPTY_BODY = YES;
				CLANG_WARN_ENUM_CONVERSION = YES;
				CLANG_WARN_INFINITE_RECURSION = YES;
				CLANG_WARN_INT_CONVERSION = YES;
				CLANG_WARN_OBJC_ROOT_CLASS = YES_ERROR;
				CLANG_WARN_SUSPICIOUS_MOVE = YES;
				CLANG_WARN_UNREACHABLE_CODE = YES;
				CLANG_WARN__DUPLICATE_METHOD_MATCH = YES;
				"CODE_SIGN_IDENTITY[sdk=iphoneos*]" = "iPhone Developer";
				COPY_PHASE_STRIP = NO;
				DEBUG_INFORMATION_FORMAT = dwarf;
				ENABLE_STRICT_OBJC_MSGSEND = YES;
				ENABLE_TESTABILITY = YES;
				GCC_C_LANGUAGE_STANDARD = gnu99;
				GCC_DYNAMIC_NO_PIC = NO;
				GCC_NO_COMMON_BLOCKS = YES;
				GCC_OPTIMIZATION_LEVEL = 0;
				GCC_PREPROCESSOR_DEFINITIONS = (
					"DEBUG=1",
					"$(inherited)",
				);
				GCC_WARN_64_TO_32_BIT_CONVERSION = YES;
				GCC_WARN_ABOUT_RETURN_TYPE = YES_ERROR;
				GCC_WARN_UNDECLARED_SELECTOR = YES;
				GCC_WARN_UNINITIALIZED_AUTOS = YES_AGGRESSIVE;
				GCC_WARN_UNUSED_FUNCTION = YES;
				GCC_WARN_UNUSED_VARIABLE = YES;
				IPHONEOS_DEPLOYMENT_TARGET = 10.2;
				MTL_ENABLE_DEBUG_INFO = YES;
				ONLY_ACTIVE_ARCH = YES;
				SDKROOT = iphoneos;
			};
			name = Debug;
		};
		8433A5931E9F760500DD4BA6 /* Release */ = {
			isa = XCBuildConfiguration;
			buildSettings = {
				ALWAYS_SEARCH_USER_PATHS = NO;
				CLANG_ANALYZER_NONNULL = YES;
				CLANG_CXX_LANGUAGE_STANDARD = "gnu++0x";
				CLANG_CXX_LIBRARY = "libc++";
				CLANG_ENABLE_MODULES = YES;
				CLANG_ENABLE_OBJC_ARC = YES;
				CLANG_WARN_BOOL_CONVERSION = YES;
				CLANG_WARN_CONSTANT_CONVERSION = YES;
				CLANG_WARN_DIRECT_OBJC_ISA_USAGE = YES_ERROR;
				CLANG_WARN_DOCUMENTATION_COMMENTS = YES;
				CLANG_WARN_EMPTY_BODY = YES;
				CLANG_WARN_ENUM_CONVERSION = YES;
				CLANG_WARN_INFINITE_RECURSION = YES;
				CLANG_WARN_INT_CONVERSION = YES;
				CLANG_WARN_OBJC_ROOT_CLASS = YES_ERROR;
				CLANG_WARN_SUSPICIOUS_MOVE = YES;
				CLANG_WARN_UNREACHABLE_CODE = YES;
				CLANG_WARN__DUPLICATE_METHOD_MATCH = YES;
				"CODE_SIGN_IDENTITY[sdk=iphoneos*]" = "iPhone Developer";
				COPY_PHASE_STRIP = NO;
				DEBUG_INFORMATION_FORMAT = "dwarf-with-dsym";
				ENABLE_NS_ASSERTIONS = NO;
				ENABLE_STRICT_OBJC_MSGSEND = YES;
				GCC_C_LANGUAGE_STANDARD = gnu99;
				GCC_NO_COMMON_BLOCKS = YES;
				GCC_WARN_64_TO_32_BIT_CONVERSION = YES;
				GCC_WARN_ABOUT_RETURN_TYPE = YES_ERROR;
				GCC_WARN_UNDECLARED_SELECTOR = YES;
				GCC_WARN_UNINITIALIZED_AUTOS = YES_AGGRESSIVE;
				GCC_WARN_UNUSED_FUNCTION = YES;
				GCC_WARN_UNUSED_VARIABLE = YES;
				IPHONEOS_DEPLOYMENT_TARGET = 10.2;
				MTL_ENABLE_DEBUG_INFO = NO;
				SDKROOT = iphoneos;
				VALIDATE_PRODUCT = YES;
			};
			name = Release;
		};
		8433A5951E9F760500DD4BA6 /* Debug */ = {
			isa = XCBuildConfiguration;
			buildSettings = {
				ASSETCATALOG_COMPILER_APPICON_NAME = AppIcon;
				INFOPLIST_FILE = TestForBalinaSoft/Info.plist;
				LD_RUNPATH_SEARCH_PATHS = "$(inherited) @executable_path/Frameworks";
				PRODUCT_BUNDLE_IDENTIFIER = ZS.TestForBalinaSoft;
				PRODUCT_NAME = "$(TARGET_NAME)";
			};
			name = Debug;
		};
		8433A5961E9F760500DD4BA6 /* Release */ = {
			isa = XCBuildConfiguration;
			buildSettings = {
				ASSETCATALOG_COMPILER_APPICON_NAME = AppIcon;
				INFOPLIST_FILE = TestForBalinaSoft/Info.plist;
				LD_RUNPATH_SEARCH_PATHS = "$(inherited) @executable_path/Frameworks";
				PRODUCT_BUNDLE_IDENTIFIER = ZS.TestForBalinaSoft;
				PRODUCT_NAME = "$(TARGET_NAME)";
			};
			name = Release;
		};
/* End XCBuildConfiguration section */

/* Begin XCConfigurationList section */
		8433A5781E9F760500DD4BA6 /* Build configuration list for PBXProject "TestForBalinaSoft" */ = {
			isa = XCConfigurationList;
			buildConfigurations = (
				8433A5921E9F760500DD4BA6 /* Debug */,
				8433A5931E9F760500DD4BA6 /* Release */,
			);
			defaultConfigurationIsVisible = 0;
			defaultConfigurationName = Release;
		};
		8433A5941E9F760500DD4BA6 /* Build configuration list for PBXNativeTarget "TestForBalinaSoft" */ = {
			isa = XCConfigurationList;
			buildConfigurations = (
				8433A5951E9F760500DD4BA6 /* Debug */,
				8433A5961E9F760500DD4BA6 /* Release */,
			);
			defaultConfigurationIsVisible = 0;
		};
/* End XCConfigurationList section */
	};
	rootObject = 8433A5751E9F760500DD4BA6 /* Project object */;
}
